{
  "name": "nhs-discounts",
  "version": "1.0.0",
  "lockfileVersion": 1,
  "requires": true,
  "dependencies": {
    "@next/env": {
      "version": "13.0.2",
      "resolved": "https://registry.npmjs.org/@next/env/-/env-13.0.2.tgz",
      "integrity": "sha512-Qb6WPuRriGIQ19qd6NBxpcrFOfj8ziN7l9eZUfwff5gl4zLXluqtuZPddYZM/oWjN53ZYcuRXzL+oowKyJeYtA=="
    },
    "@next/swc-android-arm-eabi": {
      "version": "13.0.2",
      "resolved": "https://registry.npmjs.org/@next/swc-android-arm-eabi/-/swc-android-arm-eabi-13.0.2.tgz",
      "integrity": "sha512-X54UQCTFyOGnJP//Z71dPPlp4BCYcQL2ncikKXQcPzVpqPs4C3m+tKC8ivBNH6edAXkppwsLRz1/yQwgSZ9Swg==",
      "optional": true
    },
    "@next/swc-android-arm64": {
      "version": "13.0.2",
      "resolved": "https://registry.npmjs.org/@next/swc-android-arm64/-/swc-android-arm64-13.0.2.tgz",
      "integrity": "sha512-1P00Kv8uKaLubqo7JzPrTqgFAzSOmfb8iwqJrOb9in5IvTRtNGlkR4hU0sXzqbQNM/+SaYxze6Z5ry1IDyb/cQ==",
      "optional": true
    },
    "@next/swc-darwin-arm64": {
      "version": "13.0.2",
      "resolved": "https://registry.npmjs.org/@next/swc-darwin-arm64/-/swc-darwin-arm64-13.0.2.tgz",
      "integrity": "sha512-1zGIOkInkOLRv0QQGZ+3wffYsyKI4vIy62LYTvDWUn7TAYqnmXwougp9NSLqDeagLwgsv2URrykyAFixA/YqxA==",
      "optional": true
    },
    "@next/swc-darwin-x64": {
      "version": "13.0.2",
      "resolved": "https://registry.npmjs.org/@next/swc-darwin-x64/-/swc-darwin-x64-13.0.2.tgz",
      "integrity": "sha512-ECDAjoMP1Y90cARaelS6X+k6BQx+MikAYJ8f/eaJrLur44NIOYc9HA/dgcTp5jenguY4yT8V+HCquLjAVle6fA==",
      "optional": true
    },
    "@next/swc-freebsd-x64": {
      "version": "13.0.2",
      "resolved": "https://registry.npmjs.org/@next/swc-freebsd-x64/-/swc-freebsd-x64-13.0.2.tgz",
      "integrity": "sha512-2DcL/ofQdBnQX3IoI9sjlIAyLCD1oZoUBuhrhWbejvBQjutWrI0JTEv9uG69WcxWhVMm3BCsjv8GK2/68OKp7A==",
      "optional": true
    },
    "@next/swc-linux-arm-gnueabihf": {
      "version": "13.0.2",
      "resolved": "https://registry.npmjs.org/@next/swc-linux-arm-gnueabihf/-/swc-linux-arm-gnueabihf-13.0.2.tgz",
      "integrity": "sha512-Y3OQF1CSBSWW2vGkmvOIuOUNqOq8qX7f1ZpcKUVWP3/Uq++DZmVi9d18lgnSe1I3QFqc+nXWyun9ljsN83j0sw==",
      "optional": true
    },
    "@next/swc-linux-arm64-gnu": {
      "version": "13.0.2",
      "resolved": "https://registry.npmjs.org/@next/swc-linux-arm64-gnu/-/swc-linux-arm64-gnu-13.0.2.tgz",
      "integrity": "sha512-mNyzwsFF6kwZYEjnGicx9ksDZYEZvyzEc1BtCu8vdZi/v8UeixQwCiAT6FyYX9uxMPEkzk8qiU0t0u9gvltsKw==",
      "optional": true
    },
    "@next/swc-linux-arm64-musl": {
      "version": "13.0.2",
      "resolved": "https://registry.npmjs.org/@next/swc-linux-arm64-musl/-/swc-linux-arm64-musl-13.0.2.tgz",
      "integrity": "sha512-M6SdYjWgRrY3tJBxz0663zCRPTu5BRONmxlftKWWHv9LjAJ59neTLaGj4rp0A08DkJglZIoCkLOzLrzST6TGag==",
      "optional": true
    },
    "@next/swc-linux-x64-gnu": {
      "version": "13.0.2",
      "resolved": "https://registry.npmjs.org/@next/swc-linux-x64-gnu/-/swc-linux-x64-gnu-13.0.2.tgz",
      "integrity": "sha512-pi63RoxvG4ES1KS06Zpm0MATVIXTs/TIbLbdckeLoM40u1d3mQl/+hSSrLRSxzc2OtyL8fh92sM4gkJrQXAMAw==",
      "optional": true
    },
    "@next/swc-linux-x64-musl": {
      "version": "13.0.2",
      "resolved": "https://registry.npmjs.org/@next/swc-linux-x64-musl/-/swc-linux-x64-musl-13.0.2.tgz",
      "integrity": "sha512-9Pv91gfYnDONgjtRm78n64b/c54+azeHtlnqBLTnIFWSMBDRl1/WDkhKWIj3fBGPLimtK7Tko3ULR3og9RRUPw==",
      "optional": true
    },
    "@next/swc-win32-arm64-msvc": {
      "version": "13.0.2",
      "resolved": "https://registry.npmjs.org/@next/swc-win32-arm64-msvc/-/swc-win32-arm64-msvc-13.0.2.tgz",
      "integrity": "sha512-Nvewe6YZaizAkGHHprbMkYqQulBjZCHKBGKeFPwoPtOA+a2Qi4pZzc/qXFyC5/2A6Z0mr2U1zg9rd04WBYMwBw==",
      "optional": true
    },
    "@next/swc-win32-ia32-msvc": {
      "version": "13.0.2",
      "resolved": "https://registry.npmjs.org/@next/swc-win32-ia32-msvc/-/swc-win32-ia32-msvc-13.0.2.tgz",
      "integrity": "sha512-ZUBYGZw5G3QrqDpRq1EWi3aHmvPZM8ijK5TFL6UbH16cYQ0JpANmuG2P66KB93Qe/lWWzbeAZk/tj1XqwoCuPA==",
      "optional": true
    },
    "@next/swc-win32-x64-msvc": {
      "version": "13.0.2",
      "resolved": "https://registry.npmjs.org/@next/swc-win32-x64-msvc/-/swc-win32-x64-msvc-13.0.2.tgz",
      "integrity": "sha512-fA9uW1dm7C0mEYGcKlbmLcVm2sKcye+1kPxh2cM4jVR+kQQMtHWsjIzeSpe2grQLSDan06z4n6hbr8b1c3hA8w==",
      "optional": true
    },
    "@swc/helpers": {
      "version": "0.4.11",
      "resolved": "https://registry.npmjs.org/@swc/helpers/-/helpers-0.4.11.tgz",
      "integrity": "sha512-rEUrBSGIoSFuYxwBYtlUFMlE2CwGhmW+w9355/5oduSw8e5h2+Tj4UrAGNNgP9915++wj5vkQo0UuOBqOAq4nw==",
      "requires": {
        "tslib": "^2.4.0"
      }
    },
    "balanced-match": {
      "version": "1.0.0",
      "resolved": "https://registry.npmjs.org/balanced-match/-/balanced-match-1.0.0.tgz",
      "integrity": "sha1-ibTRmasr7kneFk6gK4nORi1xt2c=",
      "dev": true
    },
    "big-integer": {
      "version": "1.6.48",
      "resolved": "https://registry.npmjs.org/big-integer/-/big-integer-1.6.48.tgz",
      "integrity": "sha512-j51egjPa7/i+RdiRuJbPdJ2FIUYYPhvYLjzoYbcMMm62ooO6F94fETG4MTs46zPAF9Brs04OajboA/qTGuz78w==",
      "dev": true
    },
    "binary": {
      "version": "0.3.0",
      "resolved": "https://registry.npmjs.org/binary/-/binary-0.3.0.tgz",
      "integrity": "sha1-n2BVO8XOjDOG87VTz/R0Yq3sqnk=",
      "dev": true,
      "requires": {
        "buffers": "~0.1.1",
        "chainsaw": "~0.1.0"
      }
    },
    "brace-expansion": {
      "version": "1.1.11",
      "resolved": "https://registry.npmjs.org/brace-expansion/-/brace-expansion-1.1.11.tgz",
      "integrity": "sha512-iCuPHDFgrHX7H2vEI/5xpz07zSHB00TpugqhmYtVmMO6518mCuRMoOYFldEBl0g187ufozdaHgWKcYFb61qGiA==",
      "dev": true,
      "requires": {
        "balanced-match": "^1.0.0",
        "concat-map": "0.0.1"
      }
    },
    "buffer-indexof-polyfill": {
      "version": "1.0.1",
      "resolved": "https://registry.npmjs.org/buffer-indexof-polyfill/-/buffer-indexof-polyfill-1.0.1.tgz",
      "integrity": "sha1-qfuAbOgUXVQoUQznLyeLs2OmOL8=",
      "dev": true
    },
    "buffers": {
      "version": "0.1.1",
      "resolved": "https://registry.npmjs.org/buffers/-/buffers-0.1.1.tgz",
      "integrity": "sha1-skV5w77U1tOWru5tmorn9Ugqt7s=",
      "dev": true
    },
    "caniuse-lite": {
      "version": "1.0.30001431",
      "resolved": "https://registry.npmjs.org/caniuse-lite/-/caniuse-lite-1.0.30001431.tgz",
      "integrity": "sha512-zBUoFU0ZcxpvSt9IU66dXVT/3ctO1cy4y9cscs1szkPlcWb6pasYM144GqrUygUbT+k7cmUCW61cvskjcv0enQ=="
    },
    "chainsaw": {
      "version": "0.1.0",
      "resolved": "https://registry.npmjs.org/chainsaw/-/chainsaw-0.1.0.tgz",
      "integrity": "sha1-XqtQsor+WAdNDVgpE4iCi15fvJg=",
      "dev": true,
      "requires": {
        "traverse": ">=0.3.0 <0.4"
      },
      "dependencies": {
        "traverse": {
          "version": "0.3.9",
          "resolved": "https://registry.npmjs.org/traverse/-/traverse-0.3.9.tgz",
          "integrity": "sha1-cXuPIgzAu3tE5AUUwisui7xw2Lk=",
          "dev": true
        }
      }
    },
    "client-only": {
      "version": "0.0.1",
      "resolved": "https://registry.npmjs.org/client-only/-/client-only-0.0.1.tgz",
      "integrity": "sha512-IV3Ou0jSMzZrd3pZ48nLkT9DA7Ag1pnPzaiQhpW7c3RbcqqzvzzVu+L8gfqMp/8IM2MQtSiqaCxrrcfu8I8rMA=="
    },
    "concat-map": {
      "version": "0.0.1",
      "resolved": "https://registry.npmjs.org/concat-map/-/concat-map-0.0.1.tgz",
      "integrity": "sha1-2Klr13/Wjfd5OnMDajug1UBdR3s=",
      "dev": true
    },
    "core-js": {
      "version": "2.3.0",
      "resolved": "https://registry.npmjs.org/core-js/-/core-js-2.3.0.tgz",
      "integrity": "sha1-+rg/uwstjchfpjbEudNMdUIMbWU=",
      "dev": true
    },
    "core-util-is": {
      "version": "1.0.2",
      "resolved": "https://registry.npmjs.org/core-util-is/-/core-util-is-1.0.2.tgz",
      "integrity": "sha1-tf1UIgqivFq1eqtxQMlAdUUDwac=",
      "dev": true
    },
    "duplexer2": {
      "version": "0.1.4",
      "resolved": "https://registry.npmjs.org/duplexer2/-/duplexer2-0.1.4.tgz",
      "integrity": "sha1-ixLauHjA1p4+eJEFFmKjL8a93ME=",
      "dev": true,
      "requires": {
        "readable-stream": "^2.0.2"
      }
    },
    "es6-promise": {
      "version": "3.0.2",
      "resolved": "https://registry.npmjs.org/es6-promise/-/es6-promise-3.0.2.tgz",
      "integrity": "sha1-AQ1YWEI6XxGJeWZfRkhqlcbuK7Y=",
      "dev": true
    },
    "fs.realpath": {
      "version": "1.0.0",
      "resolved": "https://registry.npmjs.org/fs.realpath/-/fs.realpath-1.0.0.tgz",
      "integrity": "sha1-FQStJSMVjKpA20onh8sBQRmU6k8=",
      "dev": true
    },
    "fstream": {
      "version": "1.0.12",
      "resolved": "https://registry.npmjs.org/fstream/-/fstream-1.0.12.tgz",
      "integrity": "sha512-WvJ193OHa0GHPEL+AycEJgxvBEwyfRkN1vhjca23OaPVMCaLCXTd5qAu82AjTcgP1UJmytkOKb63Ypde7raDIg==",
      "dev": true,
      "requires": {
        "graceful-fs": "^4.1.2",
        "inherits": "~2.0.0",
        "mkdirp": ">=0.5 0",
        "rimraf": "2"
      }
    },
    "glob": {
      "version": "7.1.6",
      "resolved": "https://registry.npmjs.org/glob/-/glob-7.1.6.tgz",
      "integrity": "sha512-LwaxwyZ72Lk7vZINtNNrywX0ZuLyStrdDtabefZKAY5ZGJhVtgdznluResxNmPitE0SAO+O26sWTHeKSI2wMBA==",
      "dev": true,
      "requires": {
        "fs.realpath": "^1.0.0",
        "inflight": "^1.0.4",
        "inherits": "2",
        "minimatch": "^3.0.4",
        "once": "^1.3.0",
        "path-is-absolute": "^1.0.0"
      }
    },
    "graceful-fs": {
      "version": "4.2.3",
      "resolved": "https://registry.npmjs.org/graceful-fs/-/graceful-fs-4.2.3.tgz",
      "integrity": "sha512-a30VEBm4PEdx1dRB7MFK7BejejvCvBronbLjht+sHuGYj8PHs7M/5Z+rt5lw551vZ7yfTCj4Vuyy3mSJytDWRQ==",
      "dev": true
    },
    "immediate": {
      "version": "3.0.6",
      "resolved": "https://registry.npmjs.org/immediate/-/immediate-3.0.6.tgz",
      "integrity": "sha1-nbHb0Pr43m++D13V5Wu2BigN5ps=",
      "dev": true
    },
    "inflight": {
      "version": "1.0.6",
      "resolved": "https://registry.npmjs.org/inflight/-/inflight-1.0.6.tgz",
      "integrity": "sha1-Sb1jMdfQLQwJvJEKEHW6gWW1bfk=",
      "dev": true,
      "requires": {
        "once": "^1.3.0",
        "wrappy": "1"
      }
    },
    "inherits": {
      "version": "2.0.4",
      "resolved": "https://registry.npmjs.org/inherits/-/inherits-2.0.4.tgz",
      "integrity": "sha512-k/vGaX4/Yla3WzyMCvTQOXYeIHvqOKtnqBduzTHpzpQZzAskKMhZ2K+EnBiSM9zGSoIFeMpXKxa4dYeZIQqewQ==",
      "dev": true
    },
    "isarray": {
      "version": "1.0.0",
      "resolved": "https://registry.npmjs.org/isarray/-/isarray-1.0.0.tgz",
      "integrity": "sha1-u5NdSFgsuhaMBoNJV6VKPgcSTxE=",
      "dev": true
    },
    "js-tokens": {
      "version": "4.0.0",
      "resolved": "https://registry.npmjs.org/js-tokens/-/js-tokens-4.0.0.tgz",
      "integrity": "sha512-RdJUflcE3cUzKiMqQgsCu06FPu9UdIJO0beYbPhHN4k6apgJtifcoCtT9bcxOpYBtpD2kCM6Sbzg4CausW/PKQ=="
    },
    "jszip": {
      "version": "3.1.5",
      "resolved": "https://registry.npmjs.org/jszip/-/jszip-3.1.5.tgz",
      "integrity": "sha512-5W8NUaFRFRqTOL7ZDDrx5qWHJyBXy6velVudIzQUSoqAAYqzSh2Z7/m0Rf1QbmQJccegD0r+YZxBjzqoBiEeJQ==",
      "dev": true,
      "requires": {
        "core-js": "~2.3.0",
        "es6-promise": "~3.0.2",
        "lie": "~3.1.0",
        "pako": "~1.0.2",
        "readable-stream": "~2.0.6"
      },
      "dependencies": {
        "process-nextick-args": {
          "version": "1.0.7",
          "resolved": "https://registry.npmjs.org/process-nextick-args/-/process-nextick-args-1.0.7.tgz",
          "integrity": "sha1-FQ4gt1ZZCtP5EJPyWk8q2L/zC6M=",
          "dev": true
        },
        "readable-stream": {
          "version": "2.0.6",
          "resolved": "https://registry.npmjs.org/readable-stream/-/readable-stream-2.0.6.tgz",
          "integrity": "sha1-j5A0HmilPMySh4jaz80Rs265t44=",
          "dev": true,
          "requires": {
            "core-util-is": "~1.0.0",
            "inherits": "~2.0.1",
            "isarray": "~1.0.0",
            "process-nextick-args": "~1.0.6",
            "string_decoder": "~0.10.x",
            "util-deprecate": "~1.0.1"
          }
        },
        "string_decoder": {
          "version": "0.10.31",
          "resolved": "https://registry.npmjs.org/string_decoder/-/string_decoder-0.10.31.tgz",
          "integrity": "sha1-YuIDvEF2bGwoyfyEMB2rHFMQ+pQ=",
          "dev": true
        }
      }
    },
    "lie": {
      "version": "3.1.1",
      "resolved": "https://registry.npmjs.org/lie/-/lie-3.1.1.tgz",
      "integrity": "sha1-mkNrLMd0bKWd56QfpGmz77dr2H4=",
      "dev": true,
      "requires": {
        "immediate": "~3.0.5"
      }
    },
    "listenercount": {
      "version": "1.0.1",
      "resolved": "https://registry.npmjs.org/listenercount/-/listenercount-1.0.1.tgz",
      "integrity": "sha1-hMinKrWcRyUyFIDJdeZQg0LnCTc=",
      "dev": true
    },
    "loose-envify": {
      "version": "1.4.0",
      "resolved": "https://registry.npmjs.org/loose-envify/-/loose-envify-1.4.0.tgz",
      "integrity": "sha512-lyuxPGr/Wfhrlem2CL/UcnUc1zcqKAImBDzukY7Y5F/yQiNdko6+fRLevlw1HgMySw7f611UIY408EtxRSoK3Q==",
      "requires": {
        "js-tokens": "^3.0.0 || ^4.0.0"
      }
    },
    "minimatch": {
      "version": "3.0.4",
      "resolved": "https://registry.npmjs.org/minimatch/-/minimatch-3.0.4.tgz",
      "integrity": "sha512-yJHVQEhyqPLUTgt9B83PXu6W3rx4MvvHvSUvToogpwoGDOUQ+yDrR0HRot+yOCdCO7u4hX3pWft6kWBBcqh0UA==",
      "dev": true,
      "requires": {
        "brace-expansion": "^1.1.7"
      }
    },
    "minimist": {
      "version": "1.2.5",
      "resolved": "https://registry.npmjs.org/minimist/-/minimist-1.2.5.tgz",
      "integrity": "sha512-FM9nNUYrRBAELZQT3xeZQ7fmMOBg6nWNmJKTcgsJeaLstP/UODVpGsr5OhXhhXg6f+qtJ8uiZ+PUxkDWcgIXLw==",
      "dev": true
    },
    "mkdirp": {
      "version": "0.5.4",
      "resolved": "https://registry.npmjs.org/mkdirp/-/mkdirp-0.5.4.tgz",
      "integrity": "sha512-iG9AK/dJLtJ0XNgTuDbSyNS3zECqDlAhnQW4CsNxBG3LQJBbHmRX1egw39DmtOdCAqY+dKXV+sgPgilNWUKMVw==",
      "dev": true,
      "requires": {
        "minimist": "^1.2.5"
      }
    },
    "nanoid": {
      "version": "3.3.4",
      "resolved": "https://registry.npmjs.org/nanoid/-/nanoid-3.3.4.tgz",
      "integrity": "sha512-MqBkQh/OHTS2egovRtLk45wEyNXwF+cokD+1YPf9u5VfJiRdAiRwB2froX5Co9Rh20xs4siNPm8naNotSD6RBw=="
    },
    "next": {
      "version": "13.0.2",
      "resolved": "https://registry.npmjs.org/next/-/next-13.0.2.tgz",
      "integrity": "sha512-uQ5z5e4D9mOe8+upy6bQdYYjo/kk1v3jMW87kTy2TgAyAsEO+CkwRnMgyZ4JoHEnhPZLHwh7dk0XymRNLe1gFw==",
      "requires": {
        "@next/env": "13.0.2",
        "@next/swc-android-arm-eabi": "13.0.2",
        "@next/swc-android-arm64": "13.0.2",
        "@next/swc-darwin-arm64": "13.0.2",
        "@next/swc-darwin-x64": "13.0.2",
        "@next/swc-freebsd-x64": "13.0.2",
        "@next/swc-linux-arm-gnueabihf": "13.0.2",
        "@next/swc-linux-arm64-gnu": "13.0.2",
        "@next/swc-linux-arm64-musl": "13.0.2",
        "@next/swc-linux-x64-gnu": "13.0.2",
        "@next/swc-linux-x64-musl": "13.0.2",
        "@next/swc-win32-arm64-msvc": "13.0.2",
        "@next/swc-win32-ia32-msvc": "13.0.2",
        "@next/swc-win32-x64-msvc": "13.0.2",
        "@swc/helpers": "0.4.11",
        "caniuse-lite": "^1.0.30001406",
        "postcss": "8.4.14",
        "styled-jsx": "5.1.0",
        "use-sync-external-store": "1.2.0"
      }
    },
    "object-assign": {
      "version": "4.1.1",
      "resolved": "https://registry.npmjs.org/object-assign/-/object-assign-4.1.1.tgz",
      "integrity": "sha1-IQmtx5ZYh8/AXLvUQsrIv7s2CGM="
    },
    "once": {
      "version": "1.4.0",
      "resolved": "https://registry.npmjs.org/once/-/once-1.4.0.tgz",
      "integrity": "sha1-WDsap3WWHUsROsF9nFC6753Xa9E=",
      "dev": true,
      "requires": {
        "wrappy": "1"
      }
    },
    "pako": {
      "version": "1.0.11",
      "resolved": "https://registry.npmjs.org/pako/-/pako-1.0.11.tgz",
      "integrity": "sha512-4hLB8Py4zZce5s4yd9XzopqwVv/yGNhV1Bl8NTmCq1763HeK2+EwVTv+leGeL13Dnh2wfbqowVPXCIO0z4taYw==",
      "dev": true
    },
    "path-is-absolute": {
      "version": "1.0.1",
      "resolved": "https://registry.npmjs.org/path-is-absolute/-/path-is-absolute-1.0.1.tgz",
      "integrity": "sha1-F0uSaHNVNP+8es5r9TpanhtcX18=",
      "dev": true
    },
    "picocolors": {
      "version": "1.0.0",
      "resolved": "https://registry.npmjs.org/picocolors/-/picocolors-1.0.0.tgz",
      "integrity": "sha512-1fygroTLlHu66zi26VoTDv8yRgm0Fccecssto+MhsZ0D/DGW2sm8E8AjW7NU5VVTRt5GxbeZ5qBuJr+HyLYkjQ=="
    },
    "postcss": {
      "version": "8.4.14",
      "resolved": "https://registry.npmjs.org/postcss/-/postcss-8.4.14.tgz",
      "integrity": "sha512-E398TUmfAYFPBSdzgeieK2Y1+1cpdxJx8yXbK/m57nRhKSmk1GB2tO4lbLBtlkfPQTDKfe4Xqv1ASWPpayPEig==",
      "requires": {
        "nanoid": "^3.3.4",
        "picocolors": "^1.0.0",
        "source-map-js": "^1.0.2"
      }
    },
    "process-nextick-args": {
      "version": "2.0.1",
      "resolved": "https://registry.npmjs.org/process-nextick-args/-/process-nextick-args-2.0.1.tgz",
      "integrity": "sha512-3ouUOpQhtgrbOa17J7+uxOTpITYWaGP7/AhoR3+A+/1e9skrzelGi/dXzEYyvbxubEF6Wn2ypscTKiKJFFn1ag==",
      "dev": true
    },
    "prop-types": {
      "version": "15.7.2",
      "resolved": "https://registry.npmjs.org/prop-types/-/prop-types-15.7.2.tgz",
      "integrity": "sha512-8QQikdH7//R2vurIJSutZ1smHYTcLpRWEOlHnzcWHmBYrOGUysKwSsrC89BCiFj3CbrfJ/nXFdJepOVrY1GCHQ==",
      "requires": {
        "loose-envify": "^1.4.0",
        "object-assign": "^4.1.1",
        "react-is": "^16.8.1"
      }
    },
    "react": {
      "version": "16.13.1",
      "resolved": "https://registry.npmjs.org/react/-/react-16.13.1.tgz",
      "integrity": "sha512-YMZQQq32xHLX0bz5Mnibv1/LHb3Sqzngu7xstSM+vrkE5Kzr9xE0yMByK5kMoTK30YVJE61WfbxIFFvfeDKT1w==",
      "requires": {
        "loose-envify": "^1.1.0",
        "object-assign": "^4.1.1",
        "prop-types": "^15.6.2"
      }
    },
    "react-dom": {
      "version": "16.13.1",
      "resolved": "https://registry.npmjs.org/react-dom/-/react-dom-16.13.1.tgz",
      "integrity": "sha512-81PIMmVLnCNLO/fFOQxdQkvEq/+Hfpv24XNJfpyZhTRfO0QcmQIF/PgCa1zCOj2w1hrn12MFLyaJ/G0+Mxtfag==",
      "requires": {
        "loose-envify": "^1.1.0",
        "object-assign": "^4.1.1",
        "prop-types": "^15.6.2",
        "scheduler": "^0.19.1"
      }
    },
    "react-is": {
      "version": "16.8.6",
      "resolved": "https://registry.npmjs.org/react-is/-/react-is-16.8.6.tgz",
      "integrity": "sha512-aUk3bHfZ2bRSVFFbbeVS4i+lNPZr3/WM5jT2J5omUVV1zzcs1nAaf3l51ctA5FFvCRbhrH0bdAsRRQddFJZPtA=="
    },
    "read-excel-file": {
      "version": "4.0.6",
      "resolved": "https://registry.npmjs.org/read-excel-file/-/read-excel-file-4.0.6.tgz",
      "integrity": "sha512-41aXtuZ9/D7cAYk5lJ9sNbH+8aKqiQNJMcmjlKSej65tYqUS2JztkgAuphjEV6D8OCl+mGvdTx/OFFGgiVslgQ==",
      "dev": true,
      "requires": {
        "jszip": "3.1.5",
        "unzipper": "^0.9.15",
        "xmldom": "^0.1.27",
        "xpath": "0.0.27"
      }
    },
    "readable-stream": {
      "version": "2.3.7",
      "resolved": "https://registry.npmjs.org/readable-stream/-/readable-stream-2.3.7.tgz",
      "integrity": "sha512-Ebho8K4jIbHAxnuxi7o42OrZgF/ZTNcsZj6nRKyUmkhLFq8CHItp/fy6hQZuZmP/n3yZ9VBUbp4zz/mX8hmYPw==",
      "dev": true,
      "requires": {
        "core-util-is": "~1.0.0",
        "inherits": "~2.0.3",
        "isarray": "~1.0.0",
        "process-nextick-args": "~2.0.0",
        "safe-buffer": "~5.1.1",
        "string_decoder": "~1.1.1",
        "util-deprecate": "~1.0.1"
      }
    },
    "rimraf": {
      "version": "2.7.1",
      "resolved": "https://registry.npmjs.org/rimraf/-/rimraf-2.7.1.tgz",
      "integrity": "sha512-uWjbaKIK3T1OSVptzX7Nl6PvQ3qAGtKEtVRjRuazjfL3Bx5eI409VZSqgND+4UNnmzLVdPj9FqFJNPqBZFve4w==",
      "dev": true,
      "requires": {
        "glob": "^7.1.3"
      }
    },
    "safe-buffer": {
      "version": "5.1.2",
      "resolved": "https://registry.npmjs.org/safe-buffer/-/safe-buffer-5.1.2.tgz",
      "integrity": "sha512-Gd2UZBJDkXlY7GbJxfsE8/nvKkUEU1G38c1siN6QP6a9PT9MmHB8GnpscSmMJSoF8LOIrt8ud/wPtojys4G6+g==",
      "dev": true
    },
    "scheduler": {
      "version": "0.19.1",
      "resolved": "https://registry.npmjs.org/scheduler/-/scheduler-0.19.1.tgz",
      "integrity": "sha512-n/zwRWRYSUj0/3g/otKDRPMh6qv2SYMWNq85IEa8iZyAv8od9zDYpGSnpBEjNgcMNq6Scbu5KfIPxNF72R/2EA==",
      "requires": {
        "loose-envify": "^1.1.0",
        "object-assign": "^4.1.1"
      }
    },
    "setimmediate": {
      "version": "1.0.5",
      "resolved": "https://registry.npmjs.org/setimmediate/-/setimmediate-1.0.5.tgz",
      "integrity": "sha1-KQy7Iy4waULX1+qbg3Mqt4VvgoU=",
      "dev": true
    },
    "source-map-js": {
      "version": "1.0.2",
      "resolved": "https://registry.npmjs.org/source-map-js/-/source-map-js-1.0.2.tgz",
      "integrity": "sha512-R0XvVJ9WusLiqTCEiGCmICCMplcCkIwwR11mOSD9CR5u+IXYdiseeEuXCVAjS54zqwkLcPNnmU4OeJ6tUrWhDw=="
    },
    "string_decoder": {
      "version": "1.1.1",
      "resolved": "https://registry.npmjs.org/string_decoder/-/string_decoder-1.1.1.tgz",
      "integrity": "sha512-n/ShnvDi6FHbbVfviro+WojiFzv+s8MPMHBczVePfUpDJLwoLT0ht1l4YwBCbi8pJAveEEdnkHyPyTP/mzRfwg==",
      "dev": true,
      "requires": {
        "safe-buffer": "~5.1.0"
      }
    },
    "styled-jsx": {
      "version": "5.1.0",
      "resolved": "https://registry.npmjs.org/styled-jsx/-/styled-jsx-5.1.0.tgz",
      "integrity": "sha512-/iHaRJt9U7T+5tp6TRelLnqBqiaIT0HsO0+vgyj8hK2KUk7aejFqRrumqPUlAqDwAj8IbS/1hk3IhBAAK/FCUQ==",
      "requires": {
        "client-only": "0.0.1"
      }
    },
    "tslib": {
      "version": "2.4.1",
      "resolved": "https://registry.npmjs.org/tslib/-/tslib-2.4.1.tgz",
      "integrity": "sha512-tGyy4dAjRIEwI7BzsB0lynWgOpfqjUdq91XXAlIWD2OwKBH7oCl/GZG/HT4BOHrTlPMOASlMQ7veyTqpmRcrNA=="
    },
    "unzipper": {
      "version": "0.9.15",
      "resolved": "https://registry.npmjs.org/unzipper/-/unzipper-0.9.15.tgz",
      "integrity": "sha512-2aaUvO4RAeHDvOCuEtth7jrHFaCKTSXPqUkXwADaLBzGbgZGzUDccoEdJ5lW+3RmfpOZYNx0Rw6F6PUzM6caIA==",
      "dev": true,
      "requires": {
        "big-integer": "^1.6.17",
        "binary": "~0.3.0",
        "bluebird": "~3.4.1",
        "buffer-indexof-polyfill": "~1.0.0",
        "duplexer2": "~0.1.4",
        "fstream": "^1.0.12",
        "listenercount": "~1.0.1",
        "readable-stream": "~2.3.6",
        "setimmediate": "~1.0.4"
      },
      "dependencies": {
        "bluebird": {
          "version": "3.4.7",
          "resolved": "https://registry.npmjs.org/bluebird/-/bluebird-3.4.7.tgz",
          "integrity": "sha1-9y12C+Cbf3bQjtj66Ysomo0F+rM=",
          "dev": true
        }
      }
    },
    "use-sync-external-store": {
      "version": "1.2.0",
      "resolved": "https://registry.npmjs.org/use-sync-external-store/-/use-sync-external-store-1.2.0.tgz",
      "integrity": "sha512-eEgnFxGQ1Ife9bzYs6VLi8/4X6CObHMw9Qr9tPY43iKwsPw8xE8+EFsf/2cFZ5S3esXgpWgtSCtLNS41F+sKPA=="
    },
    "util-deprecate": {
      "version": "1.0.2",
      "resolved": "https://registry.npmjs.org/util-deprecate/-/util-deprecate-1.0.2.tgz",
      "integrity": "sha1-RQ1Nyfpw3nMnYvvS1KKJgUGaDM8=",
      "dev": true
    },
    "wrappy": {
      "version": "1.0.2",
      "resolved": "https://registry.npmjs.org/wrappy/-/wrappy-1.0.2.tgz",
      "integrity": "sha1-tSQ9jz7BqjXxNkYFvA0QNuMKtp8=",
      "dev": true
    },
    "xmldom": {
      "version": "0.1.31",
      "resolved": "https://registry.npmjs.org/xmldom/-/xmldom-0.1.31.tgz",
      "integrity": "sha512-yS2uJflVQs6n+CyjHoaBmVSqIDevTAWrzMmjG1Gc7h1qQ7uVozNhEPJAwZXWyGQ/Gafo3fCwrcaokezLPupVyQ==",
      "dev": true
    },
    "xpath": {
      "version": "0.0.27",
      "resolved": "https://registry.npmjs.org/xpath/-/xpath-0.0.27.tgz",
      "integrity": "sha512-fg03WRxtkCV6ohClePNAECYsmpKKTv5L8y/X3Dn1hQrec3POx2jHZ/0P2qQ6HvsrU1BmeqXcof3NGGueG6LxwQ==",
      "dev": true
    }
  }
}
